{
  "pins" : [
    {
      "identity" : "capacitor-swift-pm",
      "kind" : "remoteSourceControl",
      "location" : "https://github.com/ionic-team/capacitor-swift-pm.git",
      "state" : {
        "revision" : "13a39179b3df796f3bb2e70c47ccdd92593f34d2",
        "version" : "8.0.2"
      }
    },
    {
      "identity" : "ion-ios-filesystem",
      "kind" : "remoteSourceControl",
      "location" : "https://github.com/ionic-team/ion-ios-filesystem.git",
      "state" : {
        "revision" : "c35d468ded28a19e6322de8553c21578455aa554",
        "version" : "1.1.1"
      }
    },
    {
      "identity" : "ion-ios-fileviewer",
      "kind" : "remoteSourceControl",
      "location" : "https://github.com/ionic-team/ion-ios-fileviewer.git",
      "state" : {
        "revision" : "e00a7f5ede0da6054d36b9913495ad18e887f5ab",
        "version" : "1.0.3"
      }
    },
    {
      "identity" : "sdwebimage",
      "kind" : "remoteSourceControl",
      "location" : "https://github.com/SDWebImage/SDWebImage.git",
      "state" : {
        "revision" : "449e8f8f10377f620db8ad22ea81208eecf6325f",
        "version" : "5.21.6"
      }
    }
  ],
  "version" : 2
}
